
Microsoft Visual Studio Solution File, Format Version 12.00
# Visual Studio 2013
VisualStudioVersion = 12.0.21005.1
MinimumVisualStudioVersion = 10.0.40219.1
Project("{FAE04EC0-301F-11D3-BF4B-00C04F79EFBC}") = "Science-0.01", "Science-0.01\Science-0.01.csproj", "{F81F8DEA-959C-4F35-81A4-7E8844A2D4B5}"
EndProject
Project("{FAE04EC0-301F-11D3-BF4B-00C04F79EFBC}") = "Test_Any_thing", "Test_Any_thing\Test_Any_thing.csproj", "{1A9244F3-1C92-48F2-9549-9C2F0A610AC9}"
EndProject
Global
	GlobalSection(SolutionConfigurationPlatforms) = preSolution
		Debug|Any CPU = Debug|Any CPU
		Release|Any CPU = Release|Any CPU
	EndGlobalSection
	GlobalSection(ProjectConfigurationPlatforms) = postSolution
		{F81F8DEA-959C-4F35-81A4-7E8844A2D4B5}.Debug|Any CPU.ActiveCfg = Debug|Any CPU
		{F81F8DEA-959C-4F35-81A4-7E8844A2D4B5}.Debug|Any CPU.Build.0 = Debug|Any CPU
		{F81F8DEA-959C-4F35-81A4-7E8844A2D4B5}.Release|Any CPU.ActiveCfg = Release|Any CPU
		{F81F8DEA-959C-4F35-81A4-7E8844A2D4B5}.Release|Any CPU.Build.0 = Release|Any CPU
		{1A9244F3-1C92-48F2-9549-9C2F0A610AC9}.Debug|Any CPU.ActiveCfg = Debug|Any CPU
		{1A9244F3-1C92-48F2-9549-9C2F0A610AC9}.Debug|Any CPU.Build.0 = Debug|Any CPU
		{1A9244F3-1C92-48F2-9549-9C2F0A610AC9}.Release|Any CPU.ActiveCfg = Release|Any CPU
		{1A9244F3-1C92-48F2-9549-9C2F0A610AC9}.Release|Any CPU.Build.0 = Release|Any CPU
	EndGlobalSection
	GlobalSection(SolutionProperties) = preSolution
		HideSolutionNode = FALSE
	EndGlobalSection
EndGlobal
